
Microsoft Visual Studio Solution File, Format Version 12.00
# Visual Studio 15
VisualStudioVersion = 15.0.26124.0
MinimumVisualStudioVersion = 15.0.26124.0
Project("{2150E333-8FDC-42A3-9474-1A3956D46DE8}") = "src", "src", "{C52FF7BB-6C70-458A-96F7-BA422C457D55}"
EndProject
Project("{FAE04EC0-301F-11D3-BF4B-00C04F79EFBC}") = "Extensions.Configuration", "src\Extensions.Configuration\Extensions.Configuration.csproj", "{BD22775D-B039-45C9-B768-50CBF3AAAE2D}"
EndProject
Project("{2150E333-8FDC-42A3-9474-1A3956D46DE8}") = "tests", "tests", "{703AA087-2E1F-48D2-8FD8-D3139486FA4E}"
EndProject
Project("{FAE04EC0-301F-11D3-BF4B-00C04F79EFBC}") = "Extensions.Configuration.Tests", "tests\Extensions.Configuration.Tests\Extensions.Configuration.Tests.csproj", "{0CEF0747-DDA4-4175-88B0-022F0C80A7C6}"
EndProject
Global
	GlobalSection(SolutionConfigurationPlatforms) = preSolution
		Debug|Any CPU = Debug|Any CPU
		Debug|x64 = Debug|x64
		Debug|x86 = Debug|x86
		Release|Any CPU = Release|Any CPU
		Release|x64 = Release|x64
		Release|x86 = Release|x86
	EndGlobalSection
	GlobalSection(SolutionProperties) = preSolution
		HideSolutionNode = FALSE
	EndGlobalSection
	GlobalSection(ProjectConfigurationPlatforms) = postSolution
		{BD22775D-B039-45C9-B768-50CBF3AAAE2D}.Debug|Any CPU.ActiveCfg = Debug|Any CPU
		{BD22775D-B039-45C9-B768-50CBF3AAAE2D}.Debug|Any CPU.Build.0 = Debug|Any CPU
		{BD22775D-B039-45C9-B768-50CBF3AAAE2D}.Debug|x64.ActiveCfg = Debug|Any CPU
		{BD22775D-B039-45C9-B768-50CBF3AAAE2D}.Debug|x64.Build.0 = Debug|Any CPU
		{BD22775D-B039-45C9-B768-50CBF3AAAE2D}.Debug|x86.ActiveCfg = Debug|Any CPU
		{BD22775D-B039-45C9-B768-50CBF3AAAE2D}.Debug|x86.Build.0 = Debug|Any CPU
		{BD22775D-B039-45C9-B768-50CBF3AAAE2D}.Release|Any CPU.ActiveCfg = Release|Any CPU
		{BD22775D-B039-45C9-B768-50CBF3AAAE2D}.Release|Any CPU.Build.0 = Release|Any CPU
		{BD22775D-B039-45C9-B768-50CBF3AAAE2D}.Release|x64.ActiveCfg = Release|Any CPU
		{BD22775D-B039-45C9-B768-50CBF3AAAE2D}.Release|x64.Build.0 = Release|Any CPU
		{BD22775D-B039-45C9-B768-50CBF3AAAE2D}.Release|x86.ActiveCfg = Release|Any CPU
		{BD22775D-B039-45C9-B768-50CBF3AAAE2D}.Release|x86.Build.0 = Release|Any CPU
		{0CEF0747-DDA4-4175-88B0-022F0C80A7C6}.Debug|Any CPU.ActiveCfg = Debug|Any CPU
		{0CEF0747-DDA4-4175-88B0-022F0C80A7C6}.Debug|Any CPU.Build.0 = Debug|Any CPU
		{0CEF0747-DDA4-4175-88B0-022F0C80A7C6}.Debug|x64.ActiveCfg = Debug|Any CPU
		{0CEF0747-DDA4-4175-88B0-022F0C80A7C6}.Debug|x64.Build.0 = Debug|Any CPU
		{0CEF0747-DDA4-4175-88B0-022F0C80A7C6}.Debug|x86.ActiveCfg = Debug|Any CPU
		{0CEF0747-DDA4-4175-88B0-022F0C80A7C6}.Debug|x86.Build.0 = Debug|Any CPU
		{0CEF0747-DDA4-4175-88B0-022F0C80A7C6}.Release|Any CPU.ActiveCfg = Release|Any CPU
		{0CEF0747-DDA4-4175-88B0-022F0C80A7C6}.Release|Any CPU.Build.0 = Release|Any CPU
		{0CEF0747-DDA4-4175-88B0-022F0C80A7C6}.Release|x64.ActiveCfg = Release|Any CPU
		{0CEF0747-DDA4-4175-88B0-022F0C80A7C6}.Release|x64.Build.0 = Release|Any CPU
		{0CEF0747-DDA4-4175-88B0-022F0C80A7C6}.Release|x86.ActiveCfg = Release|Any CPU
		{0CEF0747-DDA4-4175-88B0-022F0C80A7C6}.Release|x86.Build.0 = Release|Any CPU
	EndGlobalSection
	GlobalSection(NestedProjects) = preSolution
		{BD22775D-B039-45C9-B768-50CBF3AAAE2D} = {C52FF7BB-6C70-458A-96F7-BA422C457D55}
		{0CEF0747-DDA4-4175-88B0-022F0C80A7C6} = {703AA087-2E1F-48D2-8FD8-D3139486FA4E}
	EndGlobalSection
EndGlobal
